
Microsoft Visual Studio Solution File, Format Version 12.00
# Visual Studio Version 16
VisualStudioVersion = 16.0.29209.62
MinimumVisualStudioVersion = 10.0.40219.1
Project("{FAE04EC0-301F-11D3-BF4B-00C04F79EFBC}") = "PlaylistApp", "PlaylistApp\PlaylistApp.csproj", "{5171DADA-8B15-4B34-92B2-16E7DEC0D918}"
EndProject
Project("{FAE04EC0-301F-11D3-BF4B-00C04F79EFBC}") = "Playlist.Data", "Playlist.Data\Playlist.Data.csproj", "{420EE9E6-159F-44F8-8E8C-4B7C336931A8}"
EndProject
Project("{FAE04EC0-301F-11D3-BF4B-00C04F79EFBC}") = "Playlist.Services", "Playlist.Services\Playlist.Services.csproj", "{6B5AB3C4-9191-4BF5-BB88-D290E946B877}"
EndProject
Project("{FAE04EC0-301F-11D3-BF4B-00C04F79EFBC}") = "Playlist.Contracts", "Playlist.Contracts\Playlist.Contracts.csproj", "{B9FAD3B4-9A7C-465F-80F2-9001EC3E670A}"
EndProject
Project("{FAE04EC0-301F-11D3-BF4B-00C04F79EFBC}") = "Playlist.Models", "Playlist.Models\Playlist.Models.csproj", "{5D2B5C02-6731-408D-8E68-C8D0150F5C27}"
EndProject
Global
	GlobalSection(SolutionConfigurationPlatforms) = preSolution
		Debug|Any CPU = Debug|Any CPU
		Release|Any CPU = Release|Any CPU
	EndGlobalSection
	GlobalSection(ProjectConfigurationPlatforms) = postSolution
		{5171DADA-8B15-4B34-92B2-16E7DEC0D918}.Debug|Any CPU.ActiveCfg = Debug|Any CPU
		{5171DADA-8B15-4B34-92B2-16E7DEC0D918}.Debug|Any CPU.Build.0 = Debug|Any CPU
		{5171DADA-8B15-4B34-92B2-16E7DEC0D918}.Release|Any CPU.ActiveCfg = Release|Any CPU
		{5171DADA-8B15-4B34-92B2-16E7DEC0D918}.Release|Any CPU.Build.0 = Release|Any CPU
		{420EE9E6-159F-44F8-8E8C-4B7C336931A8}.Debug|Any CPU.ActiveCfg = Debug|Any CPU
		{420EE9E6-159F-44F8-8E8C-4B7C336931A8}.Debug|Any CPU.Build.0 = Debug|Any CPU
		{420EE9E6-159F-44F8-8E8C-4B7C336931A8}.Release|Any CPU.ActiveCfg = Release|Any CPU
		{420EE9E6-159F-44F8-8E8C-4B7C336931A8}.Release|Any CPU.Build.0 = Release|Any CPU
		{6B5AB3C4-9191-4BF5-BB88-D290E946B877}.Debug|Any CPU.ActiveCfg = Debug|Any CPU
		{6B5AB3C4-9191-4BF5-BB88-D290E946B877}.Debug|Any CPU.Build.0 = Debug|Any CPU
		{6B5AB3C4-9191-4BF5-BB88-D290E946B877}.Release|Any CPU.ActiveCfg = Release|Any CPU
		{6B5AB3C4-9191-4BF5-BB88-D290E946B877}.Release|Any CPU.Build.0 = Release|Any CPU
		{B9FAD3B4-9A7C-465F-80F2-9001EC3E670A}.Debug|Any CPU.ActiveCfg = Debug|Any CPU
		{B9FAD3B4-9A7C-465F-80F2-9001EC3E670A}.Debug|Any CPU.Build.0 = Debug|Any CPU
		{B9FAD3B4-9A7C-465F-80F2-9001EC3E670A}.Release|Any CPU.ActiveCfg = Release|Any CPU
		{B9FAD3B4-9A7C-465F-80F2-9001EC3E670A}.Release|Any CPU.Build.0 = Release|Any CPU
		{5D2B5C02-6731-408D-8E68-C8D0150F5C27}.Debug|Any CPU.ActiveCfg = Debug|Any CPU
		{5D2B5C02-6731-408D-8E68-C8D0150F5C27}.Debug|Any CPU.Build.0 = Debug|Any CPU
		{5D2B5C02-6731-408D-8E68-C8D0150F5C27}.Release|Any CPU.ActiveCfg = Release|Any CPU
		{5D2B5C02-6731-408D-8E68-C8D0150F5C27}.Release|Any CPU.Build.0 = Release|Any CPU
	EndGlobalSection
	GlobalSection(SolutionProperties) = preSolution
		HideSolutionNode = FALSE
	EndGlobalSection
	GlobalSection(ExtensibilityGlobals) = postSolution
		SolutionGuid = {854D12D4-158C-4968-A431-0C941432AC7B}
	EndGlobalSection
EndGlobal
